// !$*UTF8*$!
{
	archiveVersion = 1;
	classes = {
	};
	objectVersion = 46;
	objects = {

/* Begin PBXBuildFile section */
		C183E69C19C0693300B5AF5B /* AppDelegate.swift in Sources */ = {isa = PBXBuildFile; fileRef = C183E69B19C0693300B5AF5B /* AppDelegate.swift */; };
		C183E69E19C0693300B5AF5B /* ViewController.swift in Sources */ = {isa = PBXBuildFile; fileRef = C183E69D19C0693300B5AF5B /* ViewController.swift */; };
		C183E6A119C0693300B5AF5B /* Main.storyboard in Resources */ = {isa = PBXBuildFile; fileRef = C183E69F19C0693300B5AF5B /* Main.storyboard */; };
		C183E6A319C0693300B5AF5B /* Images.xcassets in Resources */ = {isa = PBXBuildFile; fileRef = C183E6A219C0693300B5AF5B /* Images.xcassets */; };
		C183E6AF19C0693300B5AF5B /* PostcardTests.swift in Sources */ = {isa = PBXBuildFile; fileRef = C183E6AE19C0693300B5AF5B /* PostcardTests.swift */; };
		C1C8F0BB19C0705400A7513E /* DSC03556.jpg in Resources */ = {isa = PBXBuildFile; fileRef = C1C8F0BA19C0705400A7513E /* DSC03556.jpg */; };
		C1C8F0BD19C0766B00A7513E /* DSC03560.jpg in Resources */ = {isa = PBXBuildFile; fileRef = C1C8F0BC19C0766B00A7513E /* DSC03560.jpg */; };
/* End PBXBuildFile section */

/* Begin PBXContainerItemProxy section */
		C183E6A919C0693300B5AF5B /* PBXContainerItemProxy */ = {
			isa = PBXContainerItemProxy;
			containerPortal = C183E68E19C0693300B5AF5B /* Project object */;
			proxyType = 1;
			remoteGlobalIDString = C183E69519C0693300B5AF5B;
			remoteInfo = Postcard;
		};
/* End PBXContainerItemProxy section */

/* Begin PBXFileReference section */
		C183E69619C0693300B5AF5B /* Postcard.app */ = {isa = PBXFileReference; explicitFileType = wrapper.application; includeInIndex = 0; path = Postcard.app; sourceTree = BUILT_PRODUCTS_DIR; };
		C183E69A19C0693300B5AF5B /* Info.plist */ = {isa = PBXFileReference; lastKnownFileType = text.plist.xml; path = Info.plist; sourceTree = "<group>"; };
		C183E69B19C0693300B5AF5B /* AppDelegate.swift */ = {isa = PBXFileReference; lastKnownFileType = sourcecode.swift; path = AppDelegate.swift; sourceTree = "<group>"; };
		C183E69D19C0693300B5AF5B /* ViewController.swift */ = {isa = PBXFileReference; lastKnownFileType = sourcecode.swift; path = ViewController.swift; sourceTree = "<group>"; };
		C183E6A019C0693300B5AF5B /* Base */ = {isa = PBXFileReference; lastKnownFileType = file.storyboard; name = Base; path = Base.lproj/Main.storyboard; sourceTree = "<group>"; };
		C183E6A219C0693300B5AF5B /* Images.xcassets */ = {isa = PBXFileReference; lastKnownFileType = folder.assetcatalog; path = Images.xcassets; sourceTree = "<group>"; };
		C183E6A819C0693300B5AF5B /* PostcardTests.xctest */ = {isa = PBXFileReference; explicitFileType = wrapper.cfbundle; includeInIndex = 0; path = PostcardTests.xctest; sourceTree = BUILT_PRODUCTS_DIR; };
		C183E6AD19C0693300B5AF5B /* Info.plist */ = {isa = PBXFileReference; lastKnownFileType = text.plist.xml; path = Info.plist; sourceTree = "<group>"; };
		C183E6AE19C0693300B5AF5B /* PostcardTests.swift */ = {isa = PBXFileReference; lastKnownFileType = sourcecode.swift; path = PostcardTests.swift; sourceTree = "<group>"; };
		C1C8F0BA19C0705400A7513E /* DSC03556.jpg */ = {isa = PBXFileReference; lastKnownFileType = image.jpeg; path = DSC03556.jpg; sourceTree = "<group>"; };
		C1C8F0BC19C0766B00A7513E /* DSC03560.jpg */ = {isa = PBXFileReference; lastKnownFileType = image.jpeg; path = DSC03560.jpg; sourceTree = "<group>"; };
/* End PBXFileReference section */

/* Begin PBXFrameworksBuildPhase section */
		C183E69319C0693300B5AF5B /* Frameworks */ = {
			isa = PBXFrameworksBuildPhase;
			buildActionMask = 2147483647;
			files = (
			);
			runOnlyForDeploymentPostprocessing = 0;
		};
		C183E6A519C0693300B5AF5B /* Frameworks */ = {
			isa = PBXFrameworksBuildPhase;
			buildActionMask = 2147483647;
			files = (
			);
			runOnlyForDeploymentPostprocessing = 0;
		};
/* End PBXFrameworksBuildPhase section */

/* Begin PBXGroup section */
		C183E68D19C0693300B5AF5B = {
			isa = PBXGroup;
			children = (
				C183E69819C0693300B5AF5B /* Postcard */,
				C183E6AB19C0693300B5AF5B /* PostcardTests */,
				C183E69719C0693300B5AF5B /* Products */,
			);
			sourceTree = "<group>";
		};
		C183E69719C0693300B5AF5B /* Products */ = {
			isa = PBXGroup;
			children = (
				C183E69619C0693300B5AF5B /* Postcard.app */,
				C183E6A819C0693300B5AF5B /* PostcardTests.xctest */,
			);
			name = Products;
			sourceTree = "<group>";
		};
		C183E69819C0693300B5AF5B /* Postcard */ = {
			isa = PBXGroup;
			children = (
				C183E69B19C0693300B5AF5B /* AppDelegate.swift */,
				C183E69D19C0693300B5AF5B /* ViewController.swift */,
				C183E69F19C0693300B5AF5B /* Main.storyboard */,
				C183E6A219C0693300B5AF5B /* Images.xcassets */,
				C183E69919C0693300B5AF5B /* Supporting Files */,
			);
			path = Postcard;
			sourceTree = "<group>";
		};
		C183E69919C0693300B5AF5B /* Supporting Files */ = {
			isa = PBXGroup;
			children = (
				C1C8F0BA19C0705400A7513E /* DSC03556.jpg */,
				C1C8F0BC19C0766B00A7513E /* DSC03560.jpg */,
				C183E69A19C0693300B5AF5B /* Info.plist */,
			);
			name = "Supporting Files";
			sourceTree = "<group>";
		};
		C183E6AB19C0693300B5AF5B /* PostcardTests */ = {
			isa = PBXGroup;
			children = (
				C183E6AE19C0693300B5AF5B /* PostcardTests.swift */,
				C183E6AC19C0693300B5AF5B /* Supporting Files */,
			);
			path = PostcardTests;
			sourceTree = "<group>";
		};
		C183E6AC19C0693300B5AF5B /* Supporting Files */ = {
			isa = PBXGroup;
			children = (
				C183E6AD19C0693300B5AF5B /* Info.plist */,
			);
			name = "Supporting Files";
			sourceTree = "<group>";
		};
/* End PBXGroup section */

/* Begin PBXNativeTarget section */
		C183E69519C0693300B5AF5B /* Postcard */ = {
			isa = PBXNativeTarget;
			buildConfigurationList = C183E6B219C0693300B5AF5B /* Build configuration list for PBXNativeTarget "Postcard" */;
			buildPhases = (
				C183E69219C0693300B5AF5B /* Sources */,
				C183E69319C0693300B5AF5B /* Frameworks */,
				C183E69419C0693300B5AF5B /* Resources */,
			);
			buildRules = (
			);
			dependencies = (
			);
			name = Postcard;
			productName = Postcard;
			productReference = C183E69619C0693300B5AF5B /* Postcard.app */;
			productType = "com.apple.product-type.application";
		};
		C183E6A719C0693300B5AF5B /* PostcardTests */ = {
			isa = PBXNativeTarget;
			buildConfigurationList = C183E6B519C0693300B5AF5B /* Build configuration list for PBXNativeTarget "PostcardTests" */;
			buildPhases = (
				C183E6A419C0693300B5AF5B /* Sources */,
				C183E6A519C0693300B5AF5B /* Frameworks */,
				C183E6A619C0693300B5AF5B /* Resources */,
			);
			buildRules = (
			);
			dependencies = (
				C183E6AA19C0693300B5AF5B /* PBXTargetDependency */,
			);
			name = PostcardTests;
			productName = PostcardTests;
			productReference = C183E6A819C0693300B5AF5B /* PostcardTests.xctest */;
			productType = "com.apple.product-type.bundle.unit-test";
		};
/* End PBXNativeTarget section */

/* Begin PBXProject section */
		C183E68E19C0693300B5AF5B /* Project object */ = {
			isa = PBXProject;
			attributes = {
				LastUpgradeCheck = 0600;
				ORGANIZATIONNAME = "Wilson Tang";
				TargetAttributes = {
					C183E69519C0693300B5AF5B = {
						CreatedOnToolsVersion = 6.0;
					};
					C183E6A719C0693300B5AF5B = {
						CreatedOnToolsVersion = 6.0;
						TestTargetID = C183E69519C0693300B5AF5B;
					};
				};
			};
			buildConfigurationList = C183E69119C0693300B5AF5B /* Build configuration list for PBXProject "Postcard" */;
			compatibilityVersion = "Xcode 3.2";
			developmentRegion = English;
			hasScannedForEncodings = 0;
			knownRegions = (
				en,
				Base,
			);
			mainGroup = C183E68D19C0693300B5AF5B;
			productRefGroup = C183E69719C0693300B5AF5B /* Products */;
			projectDirPath = "";
			projectRoot = "";
			targets = (
				C183E69519C0693300B5AF5B /* Postcard */,
				C183E6A719C0693300B5AF5B /* PostcardTests */,
			);
		};
/* End PBXProject section */

/* Begin PBXResourcesBuildPhase section */
		C183E69419C0693300B5AF5B /* Resources */ = {
			isa = PBXResourcesBuildPhase;
			buildActionMask = 2147483647;
			files = (
				C183E6A119C0693300B5AF5B /* Main.storyboard in Resources */,
				C183E6A319C0693300B5AF5B /* Images.xcassets in Resources */,
				C1C8F0BB19C0705400A7513E /* DSC03556.jpg in Resources */,
				C1C8F0BD19C0766B00A7513E /* DSC03560.jpg in Resources */,
			);
			runOnlyForDeploymentPostprocessing = 0;
		};
		C183E6A619C0693300B5AF5B /* Resources */ = {
			isa = PBXResourcesBuildPhase;
			buildActionMask = 2147483647;
			files = (
			);
			runOnlyForDeploymentPostprocessing = 0;
		};
/* End PBXResourcesBuildPhase section */

/* Begin PBXSourcesBuildPhase section */
		C183E69219C0693300B5AF5B /* Sources */ = {
			isa = PBXSourcesBuildPhase;
			buildActionMask = 2147483647;
			files = (
				C183E69E19C0693300B5AF5B /* ViewController.swift in Sources */,
				C183E69C19C0693300B5AF5B /* AppDelegate.swift in Sources */,
			);
			runOnlyForDeploymentPostprocessing = 0;
		};
		C183E6A419C0693300B5AF5B /* Sources */ = {
			isa = PBXSourcesBuildPhase;
			buildActionMask = 2147483647;
			files = (
				C183E6AF19C0693300B5AF5B /* PostcardTests.swift in Sources */,
			);
			runOnlyForDeploymentPostprocessing = 0;
		};
/* End PBXSourcesBuildPhase section */

/* Begin PBXTargetDependency section */
		C183E6AA19C0693300B5AF5B /* PBXTargetDependency */ = {
			isa = PBXTargetDependency;
			target = C183E69519C0693300B5AF5B /* Postcard */;
			targetProxy = C183E6A919C0693300B5AF5B /* PBXContainerItemProxy */;
		};
/* End PBXTargetDependency section */

/* Begin PBXVariantGroup section */
		C183E69F19C0693300B5AF5B /* Main.storyboard */ = {
			isa = PBXVariantGroup;
			children = (
				C183E6A019C0693300B5AF5B /* Base */,
			);
			name = Main.storyboard;
			sourceTree = "<group>";
		};
/* End PBXVariantGroup section */

/* Begin XCBuildConfiguration section */
		C183E6B019C0693300B5AF5B /* Debug */ = {
			isa = XCBuildConfiguration;
			buildSettings = {
				ALWAYS_SEARCH_USER_PATHS = NO;
				CLANG_CXX_LANGUAGE_STANDARD = "gnu++0x";
				CLANG_CXX_LIBRARY = "libc++";
				CLANG_ENABLE_MODULES = YES;
				CLANG_ENABLE_OBJC_ARC = YES;
				CLANG_WARN_BOOL_CONVERSION = YES;
				CLANG_WARN_CONSTANT_CONVERSION = YES;
				CLANG_WARN_DIRECT_OBJC_ISA_USAGE = YES_ERROR;
				CLANG_WARN_EMPTY_BODY = YES;
				CLANG_WARN_ENUM_CONVERSION = YES;
				CLANG_WARN_INT_CONVERSION = YES;
				CLANG_WARN_OBJC_ROOT_CLASS = YES_ERROR;
				CLANG_WARN_UNREACHABLE_CODE = YES;
				CLANG_WARN__DUPLICATE_METHOD_MATCH = YES;
				"CODE_SIGN_IDENTITY[sdk=iphoneos*]" = "iPhone Developer";
				COPY_PHASE_STRIP = NO;
				ENABLE_STRICT_OBJC_MSGSEND = YES;
				GCC_C_LANGUAGE_STANDARD = gnu99;
				GCC_DYNAMIC_NO_PIC = NO;
				GCC_OPTIMIZATION_LEVEL = 0;
				GCC_PREPROCESSOR_DEFINITIONS = (
					"DEBUG=1",
					"$(inherited)",
				);
				GCC_SYMBOLS_PRIVATE_EXTERN = NO;
				GCC_WARN_64_TO_32_BIT_CONVERSION = YES;
				GCC_WARN_ABOUT_RETURN_TYPE = YES_ERROR;
				GCC_WARN_UNDECLARED_SELECTOR = YES;
				GCC_WARN_UNINITIALIZED_AUTOS = YES_AGGRESSIVE;
				GCC_WARN_UNUSED_FUNCTION = YES;
				GCC_WARN_UNUSED_VARIABLE = YES;
				IPHONEOS_DEPLOYMENT_TARGET = 8.0;
				MTL_ENABLE_DEBUG_INFO = YES;
				ONLY_ACTIVE_ARCH = YES;
				SDKROOT = iphoneos;
				SWIFT_OPTIMIZATION_LEVEL = "-Onone";
			};
			name = Debug;
		};
		C183E6B119C0693300B5AF5B /* Release */ = {
			isa = XCBuildConfiguration;
			buildSettings = {
				ALWAYS_SEARCH_USER_PATHS = NO;
				CLANG_CXX_LANGUAGE_STANDARD = "gnu++0x";
				CLANG_CXX_LIBRARY = "libc++";
				CLANG_ENABLE_MODULES = YES;
				CLANG_ENABLE_OBJC_ARC = YES;
				CLANG_WARN_BOOL_CONVERSION = YES;
				CLANG_WARN_CONSTANT_CONVERSION = YES;
				CLANG_WARN_DIRECT_OBJC_ISA_USAGE = YES_ERROR;
				CLANG_WARN_EMPTY_BODY = YES;
				CLANG_WARN_ENUM_CONVERSION = YES;
				CLANG_WARN_INT_CONVERSION = YES;
				CLANG_WARN_OBJC_ROOT_CLASS = YES_ERROR;
				CLANG_WARN_UNREACHABLE_CODE = YES;
				CLANG_WARN__DUPLICATE_METHOD_MATCH = YES;
				"CODE_SIGN_IDENTITY[sdk=iphoneos*]" = "iPhone Developer";
				COPY_PHASE_STRIP = YES;
				ENABLE_NS_ASSERTIONS = NO;
				ENABLE_STRICT_OBJC_MSGSEND = YES;
				GCC_C_LANGUAGE_STANDARD = gnu99;
				GCC_WARN_64_TO_32_BIT_CONVERSION = YES;
				GCC_WARN_ABOUT_RETURN_TYPE = YES_ERROR;
				GCC_WARN_UNDECLARED_SELECTOR = YES;
				GCC_WARN_UNINITIALIZED_AUTOS = YES_AGGRESSIVE;
				GCC_WARN_UNUSED_FUNCTION = YES;
				GCC_WARN_UNUSED_VARIABLE = YES;
				IPHONEOS_DEPLOYMENT_TARGET = 8.0;
				MTL_ENABLE_DEBUG_INFO = NO;
				SDKROOT = iphoneos;
				VALIDATE_PRODUCT = YES;
			};
			name = Release;
		};
		C183E6B319C0693300B5AF5B /* Debug */ = {
			isa = XCBuildConfiguration;
			buildSettings = {
				ASSETCATALOG_COMPILER_APPICON_NAME = AppIcon;
				ASSETCATALOG_COMPILER_LAUNCHIMAGE_NAME = LaunchImage;
				INFOPLIST_FILE = Postcard/Info.plist;
				LD_RUNPATH_SEARCH_PATHS = "$(inherited) @executable_path/Frameworks";
				PRODUCT_NAME = "$(TARGET_NAME)";
			};
			name = Debug;
		};
		C183E6B419C0693300B5AF5B /* Release */ = {
			isa = XCBuildConfiguration;
			buildSettings = {
				ASSETCATALOG_COMPILER_APPICON_NAME = AppIcon;
				ASSETCATALOG_COMPILER_LAUNCHIMAGE_NAME = LaunchImage;
				INFOPLIST_FILE = Postcard/Info.plist;
				LD_RUNPATH_SEARCH_PATHS = "$(inherited) @executable_path/Frameworks";
				PRODUCT_NAME = "$(TARGET_NAME)";
			};
			name = Release;
		};
		C183E6B619C0693300B5AF5B /* Debug */ = {
			isa = XCBuildConfiguration;
			buildSettings = {
				BUNDLE_LOADER = "$(TEST_HOST)";
				FRAMEWORK_SEARCH_PATHS = (
					"$(SDKROOT)/Developer/Library/Frameworks",
					"$(inherited)",
				);
				GCC_PREPROCESSOR_DEFINITIONS = (
					"DEBUG=1",
					"$(inherited)",
				);
				INFOPLIST_FILE = PostcardTests/Info.plist;
				LD_RUNPATH_SEARCH_PATHS = "$(inherited) @executable_path/Frameworks @loader_path/Frameworks";
				PRODUCT_NAME = "$(TARGET_NAME)";
				TEST_HOST = "$(BUILT_PRODUCTS_DIR)/Postcard.app/Postcard";
			};
			name = Debug;
		};
		C183E6B719C0693300B5AF5B /* Release */ = {
			isa = XCBuildConfiguration;
			buildSettings = {
				BUNDLE_LOADER = "$(TEST_HOST)";
				FRAMEWORK_SEARCH_PATHS = (
					"$(SDKROOT)/Developer/Library/Frameworks",
					"$(inherited)",
				);
				INFOPLIST_FILE = PostcardTests/Info.plist;
				LD_RUNPATH_SEARCH_PATHS = "$(inherited) @executable_path/Frameworks @loader_path/Frameworks";
				PRODUCT_NAME = "$(TARGET_NAME)";
				TEST_HOST = "$(BUILT_PRODUCTS_DIR)/Postcard.app/Postcard";
			};
			name = Release;
		};
/* End XCBuildConfiguration section */

/* Begin XCConfigurationList section */
		C183E69119C0693300B5AF5B /* Build configuration list for PBXProject "Postcard" */ = {
			isa = XCConfigurationList;
			buildConfigurations = (
				C183E6B019C0693300B5AF5B /* Debug */,
				C183E6B119C0693300B5AF5B /* Release */,
			);
			defaultConfigurationIsVisible = 0;
			defaultConfigurationName = Release;
		};
		C183E6B219C0693300B5AF5B /* Build configuration list for PBXNativeTarget "Postcard" */ = {
			isa = XCConfigurationList;
			buildConfigurations = (
				C183E6B319C0693300B5AF5B /* Debug */,
				C183E6B419C0693300B5AF5B /* Release */,
			);
			defaultConfigurationIsVisible = 0;
			defaultConfigurationName = Release;
		};
		C183E6B519C0693300B5AF5B /* Build configuration list for PBXNativeTarget "PostcardTests" */ = {
			isa = XCConfigurationList;
			buildConfigurations = (
				C183E6B619C0693300B5AF5B /* Debug */,
				C183E6B719C0693300B5AF5B /* Release */,
			);
			defaultConfigurationIsVisible = 0;
			defaultConfigurationName = Release;
		};
/* End XCConfigurationList section */
	};
	rootObject = C183E68E19C0693300B5AF5B /* Project object */;
}
